
Microsoft Visual Studio Solution File, Format Version 12.00
# Visual Studio Version 17
VisualStudioVersion = 17.7.34009.444
MinimumVisualStudioVersion = 10.0.40219.1
Project("{9A19103F-16F7-4668-BE54-9A1E7A4F7556}") = "CalibrationTask", "CalibrationTask\CalibrationTask.csproj", "{78B728F1-7D8E-4500-A03A-83670626F7CC}"
EndProject
Global
	GlobalSection(SolutionConfigurationPlatforms) = preSolution
		Debug|Any CPU = Debug|Any CPU
		Release|Any CPU = Release|Any CPU
	EndGlobalSection
	GlobalSection(ProjectConfigurationPlatforms) = postSolution
		{78B728F1-7D8E-4500-A03A-83670626F7CC}.Debug|Any CPU.ActiveCfg = Debug|Any CPU
		{78B728F1-7D8E-4500-A03A-83670626F7CC}.Debug|Any CPU.Build.0 = Debug|Any CPU
		{78B728F1-7D8E-4500-A03A-83670626F7CC}.Release|Any CPU.ActiveCfg = Release|Any CPU
		{78B728F1-7D8E-4500-A03A-83670626F7CC}.Release|Any CPU.Build.0 = Release|Any CPU
	EndGlobalSection
	GlobalSection(SolutionProperties) = preSolution
		HideSolutionNode = FALSE
	EndGlobalSection
	GlobalSection(ExtensibilityGlobals) = postSolution
		SolutionGuid = {10E96D09-771D-468E-94D0-7EB635167033}
	EndGlobalSection
EndGlobal
